
Microsoft Visual Studio Solution File, Format Version 12.00
# Visual Studio Version 17
VisualStudioVersion = 17.5.33414.496
MinimumVisualStudioVersion = 10.0.40219.1
Project("{9A19103F-16F7-4668-BE54-9A1E7A4F7556}") = "Task1", "Task1\Task1.csproj", "{486B9E42-466C-4196-97A3-1D5B72CA1BF8}"
EndProject
Project("{9A19103F-16F7-4668-BE54-9A1E7A4F7556}") = "Task2", "Task2\Task2.csproj", "{C740F983-53E5-49EB-9F58-9BDCB5E3854C}"
EndProject
Project("{9A19103F-16F7-4668-BE54-9A1E7A4F7556}") = "Task3", "Task3\Task3.csproj", "{D7A89ACE-0E01-45D5-B8FA-2D0C626385C8}"
EndProject
Project("{FAE04EC0-301F-11D3-BF4B-00C04F79EFBC}") = "Task3.Tests", "Task3.Tests\Task3.Tests.csproj", "{FA0E4AE9-5356-4EC3-A34F-10F6D48FA369}"
EndProject
Global
	GlobalSection(SolutionConfigurationPlatforms) = preSolution
		Debug|Any CPU = Debug|Any CPU
		Release|Any CPU = Release|Any CPU
	EndGlobalSection
	GlobalSection(ProjectConfigurationPlatforms) = postSolution
		{486B9E42-466C-4196-97A3-1D5B72CA1BF8}.Debug|Any CPU.ActiveCfg = Debug|Any CPU
		{486B9E42-466C-4196-97A3-1D5B72CA1BF8}.Debug|Any CPU.Build.0 = Debug|Any CPU
		{486B9E42-466C-4196-97A3-1D5B72CA1BF8}.Release|Any CPU.ActiveCfg = Release|Any CPU
		{486B9E42-466C-4196-97A3-1D5B72CA1BF8}.Release|Any CPU.Build.0 = Release|Any CPU
		{C740F983-53E5-49EB-9F58-9BDCB5E3854C}.Debug|Any CPU.ActiveCfg = Debug|Any CPU
		{C740F983-53E5-49EB-9F58-9BDCB5E3854C}.Debug|Any CPU.Build.0 = Debug|Any CPU
		{C740F983-53E5-49EB-9F58-9BDCB5E3854C}.Release|Any CPU.ActiveCfg = Release|Any CPU
		{C740F983-53E5-49EB-9F58-9BDCB5E3854C}.Release|Any CPU.Build.0 = Release|Any CPU
		{D7A89ACE-0E01-45D5-B8FA-2D0C626385C8}.Debug|Any CPU.ActiveCfg = Debug|Any CPU
		{D7A89ACE-0E01-45D5-B8FA-2D0C626385C8}.Debug|Any CPU.Build.0 = Debug|Any CPU
		{D7A89ACE-0E01-45D5-B8FA-2D0C626385C8}.Release|Any CPU.ActiveCfg = Release|Any CPU
		{D7A89ACE-0E01-45D5-B8FA-2D0C626385C8}.Release|Any CPU.Build.0 = Release|Any CPU
		{FA0E4AE9-5356-4EC3-A34F-10F6D48FA369}.Debug|Any CPU.ActiveCfg = Debug|Any CPU
		{FA0E4AE9-5356-4EC3-A34F-10F6D48FA369}.Debug|Any CPU.Build.0 = Debug|Any CPU
		{FA0E4AE9-5356-4EC3-A34F-10F6D48FA369}.Release|Any CPU.ActiveCfg = Release|Any CPU
		{FA0E4AE9-5356-4EC3-A34F-10F6D48FA369}.Release|Any CPU.Build.0 = Release|Any CPU
	EndGlobalSection
	GlobalSection(SolutionProperties) = preSolution
		HideSolutionNode = FALSE
	EndGlobalSection
	GlobalSection(ExtensibilityGlobals) = postSolution
		SolutionGuid = {5C1AE57B-7BF2-4895-94B5-B643508D5739}
	EndGlobalSection
EndGlobal
